
Microsoft Visual Studio Solution File, Format Version 12.00
# Visual Studio 15
VisualStudioVersion = 15.0.26730.15
MinimumVisualStudioVersion = 10.0.40219.1
Project("{9A19103F-16F7-4668-BE54-9A1E7A4F7556}") = "GR.Model", "GR.Model\GR.Model.csproj", "{D9E89909-CFE2-4E0A-8F48-5C11D3FAFBEF}"
EndProject
Project("{9A19103F-16F7-4668-BE54-9A1E7A4F7556}") = "GR.Repository", "GR.Repository\GR.Repository.csproj", "{92B3D214-01D8-4D79-B763-D9D4F1482468}"
EndProject
Project("{9A19103F-16F7-4668-BE54-9A1E7A4F7556}") = "GR.Service", "GR.Service\GR.Service.csproj", "{04D5A9CB-A7A6-45EB-BE13-08629760C818}"
EndProject
Project("{2150E333-8FDC-42A3-9474-1A3956D46DE8}") = "Generic Repository", "Generic Repository", "{7274EF4A-2573-4C19-BF07-C92F4FE066D3}"
EndProject
Project("{2150E333-8FDC-42A3-9474-1A3956D46DE8}") = "StudenProfile", "StudenProfile", "{F013FDD7-28D5-47F1-AEEF-4F0E052EC877}"
EndProject
Project("{9A19103F-16F7-4668-BE54-9A1E7A4F7556}") = "Student.Repository", "Student.Repository\Student.Repository.csproj", "{A3773E33-4BD1-4D1F-9CE9-2EF5F3B2ED75}"
EndProject
Project("{9A19103F-16F7-4668-BE54-9A1E7A4F7556}") = "Student.Service", "Student.Service\Student.Service.csproj", "{F9251A8A-8BDD-4079-8EB5-29AD21095D5E}"
EndProject
Project("{9A19103F-16F7-4668-BE54-9A1E7A4F7556}") = "Student.Data", "Student.DTO\Student.Data.csproj", "{AFF8DC33-E31C-430C-86BB-6AF45C290620}"
EndProject
Project("{2150E333-8FDC-42A3-9474-1A3956D46DE8}") = "Api", "Api", "{8C9A2322-270B-414B-B869-143D1A884075}"
EndProject
Project("{9A19103F-16F7-4668-BE54-9A1E7A4F7556}") = "StudentApi", "StudentApi\StudentApi.csproj", "{F6CFA5A3-53AC-4D4E-8F7D-D4BD1FF89819}"
EndProject
Project("{2150E333-8FDC-42A3-9474-1A3956D46DE8}") = "AOP", "AOP", "{A44CDC6D-010D-48FE-93A9-924D7AE45C2F}"
EndProject
Project("{9A19103F-16F7-4668-BE54-9A1E7A4F7556}") = "AOPCore.Logging", "AOPCore.Logging\AOPCore.Logging.csproj", "{0AF8363C-9700-4794-91E2-1273C38BDC17}"
EndProject
Global
	GlobalSection(SolutionConfigurationPlatforms) = preSolution
		Debug|Any CPU = Debug|Any CPU
		Release|Any CPU = Release|Any CPU
	EndGlobalSection
	GlobalSection(ProjectConfigurationPlatforms) = postSolution
		{D9E89909-CFE2-4E0A-8F48-5C11D3FAFBEF}.Debug|Any CPU.ActiveCfg = Debug|Any CPU
		{D9E89909-CFE2-4E0A-8F48-5C11D3FAFBEF}.Debug|Any CPU.Build.0 = Debug|Any CPU
		{D9E89909-CFE2-4E0A-8F48-5C11D3FAFBEF}.Release|Any CPU.ActiveCfg = Release|Any CPU
		{D9E89909-CFE2-4E0A-8F48-5C11D3FAFBEF}.Release|Any CPU.Build.0 = Release|Any CPU
		{92B3D214-01D8-4D79-B763-D9D4F1482468}.Debug|Any CPU.ActiveCfg = Debug|Any CPU
		{92B3D214-01D8-4D79-B763-D9D4F1482468}.Debug|Any CPU.Build.0 = Debug|Any CPU
		{92B3D214-01D8-4D79-B763-D9D4F1482468}.Release|Any CPU.ActiveCfg = Release|Any CPU
		{92B3D214-01D8-4D79-B763-D9D4F1482468}.Release|Any CPU.Build.0 = Release|Any CPU
		{04D5A9CB-A7A6-45EB-BE13-08629760C818}.Debug|Any CPU.ActiveCfg = Debug|Any CPU
		{04D5A9CB-A7A6-45EB-BE13-08629760C818}.Debug|Any CPU.Build.0 = Debug|Any CPU
		{04D5A9CB-A7A6-45EB-BE13-08629760C818}.Release|Any CPU.ActiveCfg = Release|Any CPU
		{04D5A9CB-A7A6-45EB-BE13-08629760C818}.Release|Any CPU.Build.0 = Release|Any CPU
		{A3773E33-4BD1-4D1F-9CE9-2EF5F3B2ED75}.Debug|Any CPU.ActiveCfg = Debug|Any CPU
		{A3773E33-4BD1-4D1F-9CE9-2EF5F3B2ED75}.Debug|Any CPU.Build.0 = Debug|Any CPU
		{A3773E33-4BD1-4D1F-9CE9-2EF5F3B2ED75}.Release|Any CPU.ActiveCfg = Release|Any CPU
		{A3773E33-4BD1-4D1F-9CE9-2EF5F3B2ED75}.Release|Any CPU.Build.0 = Release|Any CPU
		{F9251A8A-8BDD-4079-8EB5-29AD21095D5E}.Debug|Any CPU.ActiveCfg = Debug|Any CPU
		{F9251A8A-8BDD-4079-8EB5-29AD21095D5E}.Debug|Any CPU.Build.0 = Debug|Any CPU
		{F9251A8A-8BDD-4079-8EB5-29AD21095D5E}.Release|Any CPU.ActiveCfg = Release|Any CPU
		{F9251A8A-8BDD-4079-8EB5-29AD21095D5E}.Release|Any CPU.Build.0 = Release|Any CPU
		{AFF8DC33-E31C-430C-86BB-6AF45C290620}.Debug|Any CPU.ActiveCfg = Debug|Any CPU
		{AFF8DC33-E31C-430C-86BB-6AF45C290620}.Debug|Any CPU.Build.0 = Debug|Any CPU
		{AFF8DC33-E31C-430C-86BB-6AF45C290620}.Release|Any CPU.ActiveCfg = Release|Any CPU
		{AFF8DC33-E31C-430C-86BB-6AF45C290620}.Release|Any CPU.Build.0 = Release|Any CPU
		{F6CFA5A3-53AC-4D4E-8F7D-D4BD1FF89819}.Debug|Any CPU.ActiveCfg = Debug|Any CPU
		{F6CFA5A3-53AC-4D4E-8F7D-D4BD1FF89819}.Debug|Any CPU.Build.0 = Debug|Any CPU
		{F6CFA5A3-53AC-4D4E-8F7D-D4BD1FF89819}.Release|Any CPU.ActiveCfg = Release|Any CPU
		{F6CFA5A3-53AC-4D4E-8F7D-D4BD1FF89819}.Release|Any CPU.Build.0 = Release|Any CPU
		{0AF8363C-9700-4794-91E2-1273C38BDC17}.Debug|Any CPU.ActiveCfg = Debug|Any CPU
		{0AF8363C-9700-4794-91E2-1273C38BDC17}.Debug|Any CPU.Build.0 = Debug|Any CPU
		{0AF8363C-9700-4794-91E2-1273C38BDC17}.Release|Any CPU.ActiveCfg = Release|Any CPU
		{0AF8363C-9700-4794-91E2-1273C38BDC17}.Release|Any CPU.Build.0 = Release|Any CPU
	EndGlobalSection
	GlobalSection(SolutionProperties) = preSolution
		HideSolutionNode = FALSE
	EndGlobalSection
	GlobalSection(NestedProjects) = preSolution
		{D9E89909-CFE2-4E0A-8F48-5C11D3FAFBEF} = {7274EF4A-2573-4C19-BF07-C92F4FE066D3}
		{92B3D214-01D8-4D79-B763-D9D4F1482468} = {7274EF4A-2573-4C19-BF07-C92F4FE066D3}
		{04D5A9CB-A7A6-45EB-BE13-08629760C818} = {7274EF4A-2573-4C19-BF07-C92F4FE066D3}
		{A3773E33-4BD1-4D1F-9CE9-2EF5F3B2ED75} = {F013FDD7-28D5-47F1-AEEF-4F0E052EC877}
		{F9251A8A-8BDD-4079-8EB5-29AD21095D5E} = {F013FDD7-28D5-47F1-AEEF-4F0E052EC877}
		{AFF8DC33-E31C-430C-86BB-6AF45C290620} = {F013FDD7-28D5-47F1-AEEF-4F0E052EC877}
		{F6CFA5A3-53AC-4D4E-8F7D-D4BD1FF89819} = {8C9A2322-270B-414B-B869-143D1A884075}
		{0AF8363C-9700-4794-91E2-1273C38BDC17} = {A44CDC6D-010D-48FE-93A9-924D7AE45C2F}
	EndGlobalSection
	GlobalSection(ExtensibilityGlobals) = postSolution
		SolutionGuid = {1E930F65-BEC1-4F96-A74C-32FD03718EC0}
	EndGlobalSection
EndGlobal
